// !$*UTF8*$!
{
	archiveVersion = 1;
	classes = {
	};
	objectVersion = 46;
	objects = {

/* Begin PBXBuildFile section */
		ACAE7996199F657E00030E26 /* Foundation.framework in Frameworks */ = {isa = PBXBuildFile; fileRef = ACAE7995199F657E00030E26 /* Foundation.framework */; };
		ACAE7998199F657E00030E26 /* CoreGraphics.framework in Frameworks */ = {isa = PBXBuildFile; fileRef = ACAE7997199F657E00030E26 /* CoreGraphics.framework */; };
		ACAE799A199F657E00030E26 /* UIKit.framework in Frameworks */ = {isa = PBXBuildFile; fileRef = ACAE7999199F657E00030E26 /* UIKit.framework */; };
		ACAE79A0199F657E00030E26 /* InfoPlist.strings in Resources */ = {isa = PBXBuildFile; fileRef = ACAE799E199F657E00030E26 /* InfoPlist.strings */; };
		ACAE79A2199F657E00030E26 /* main.m in Sources */ = {isa = PBXBuildFile; fileRef = ACAE79A1199F657E00030E26 /* main.m */; };
		ACAE79A6199F657E00030E26 /* AppDelegate.m in Sources */ = {isa = PBXBuildFile; fileRef = ACAE79A5199F657E00030E26 /* AppDelegate.m */; };
		ACAE79A9199F657E00030E26 /* Main.storyboard in Resources */ = {isa = PBXBuildFile; fileRef = ACAE79A7199F657E00030E26 /* Main.storyboard */; };
		ACAE79AC199F657E00030E26 /* FirstViewController.m in Sources */ = {isa = PBXBuildFile; fileRef = ACAE79AB199F657E00030E26 /* FirstViewController.m */; };
		ACAE79AF199F657E00030E26 /* SecondViewController.m in Sources */ = {isa = PBXBuildFile; fileRef = ACAE79AE199F657E00030E26 /* SecondViewController.m */; };
		ACAE79B1199F657E00030E26 /* Images.xcassets in Resources */ = {isa = PBXBuildFile; fileRef = ACAE79B0199F657E00030E26 /* Images.xcassets */; };
		ACAE79B8199F657E00030E26 /* XCTest.framework in Frameworks */ = {isa = PBXBuildFile; fileRef = ACAE79B7199F657E00030E26 /* XCTest.framework */; };
		ACAE79B9199F657E00030E26 /* Foundation.framework in Frameworks */ = {isa = PBXBuildFile; fileRef = ACAE7995199F657E00030E26 /* Foundation.framework */; };
		ACAE79BA199F657E00030E26 /* UIKit.framework in Frameworks */ = {isa = PBXBuildFile; fileRef = ACAE7999199F657E00030E26 /* UIKit.framework */; };
		ACAE79C2199F657E00030E26 /* InfoPlist.strings in Resources */ = {isa = PBXBuildFile; fileRef = ACAE79C0199F657E00030E26 /* InfoPlist.strings */; };
		ACAE79C4199F657E00030E26 /* GigRadioTests.m in Sources */ = {isa = PBXBuildFile; fileRef = ACAE79C3199F657E00030E26 /* GigRadioTests.m */; };
/* End PBXBuildFile section */

/* Begin PBXContainerItemProxy section */
		ACAE79BB199F657E00030E26 /* PBXContainerItemProxy */ = {
			isa = PBXContainerItemProxy;
			containerPortal = ACAE798A199F657E00030E26 /* Project object */;
			proxyType = 1;
			remoteGlobalIDString = ACAE7991199F657E00030E26;
			remoteInfo = GigRadio;
		};
/* End PBXContainerItemProxy section */

/* Begin PBXFileReference section */
		ACAE7992199F657E00030E26 /* GigRadio.app */ = {isa = PBXFileReference; explicitFileType = wrapper.application; includeInIndex = 0; path = GigRadio.app; sourceTree = BUILT_PRODUCTS_DIR; };
		ACAE7995199F657E00030E26 /* Foundation.framework */ = {isa = PBXFileReference; lastKnownFileType = wrapper.framework; name = Foundation.framework; path = System/Library/Frameworks/Foundation.framework; sourceTree = SDKROOT; };
		ACAE7997199F657E00030E26 /* CoreGraphics.framework */ = {isa = PBXFileReference; lastKnownFileType = wrapper.framework; name = CoreGraphics.framework; path = System/Library/Frameworks/CoreGraphics.framework; sourceTree = SDKROOT; };
		ACAE7999199F657E00030E26 /* UIKit.framework */ = {isa = PBXFileReference; lastKnownFileType = wrapper.framework; name = UIKit.framework; path = System/Library/Frameworks/UIKit.framework; sourceTree = SDKROOT; };
		ACAE799D199F657E00030E26 /* GigRadio-Info.plist */ = {isa = PBXFileReference; lastKnownFileType = text.plist.xml; path = "GigRadio-Info.plist"; sourceTree = "<group>"; };
		ACAE799F199F657E00030E26 /* en */ = {isa = PBXFileReference; lastKnownFileType = text.plist.strings; name = en; path = en.lproj/InfoPlist.strings; sourceTree = "<group>"; };
		ACAE79A1199F657E00030E26 /* main.m */ = {isa = PBXFileReference; lastKnownFileType = sourcecode.c.objc; path = main.m; sourceTree = "<group>"; };
		ACAE79A3199F657E00030E26 /* GigRadio-Prefix.pch */ = {isa = PBXFileReference; lastKnownFileType = sourcecode.c.h; path = "GigRadio-Prefix.pch"; sourceTree = "<group>"; };
		ACAE79A4199F657E00030E26 /* AppDelegate.h */ = {isa = PBXFileReference; lastKnownFileType = sourcecode.c.h; path = AppDelegate.h; sourceTree = "<group>"; };
		ACAE79A5199F657E00030E26 /* AppDelegate.m */ = {isa = PBXFileReference; lastKnownFileType = sourcecode.c.objc; path = AppDelegate.m; sourceTree = "<group>"; };
		ACAE79A8199F657E00030E26 /* Base */ = {isa = PBXFileReference; lastKnownFileType = file.storyboard; name = Base; path = Base.lproj/Main.storyboard; sourceTree = "<group>"; };
		ACAE79AA199F657E00030E26 /* FirstViewController.h */ = {isa = PBXFileReference; lastKnownFileType = sourcecode.c.h; path = FirstViewController.h; sourceTree = "<group>"; };
		ACAE79AB199F657E00030E26 /* FirstViewController.m */ = {isa = PBXFileReference; lastKnownFileType = sourcecode.c.objc; path = FirstViewController.m; sourceTree = "<group>"; };
		ACAE79AD199F657E00030E26 /* SecondViewController.h */ = {isa = PBXFileReference; lastKnownFileType = sourcecode.c.h; path = SecondViewController.h; sourceTree = "<group>"; };
		ACAE79AE199F657E00030E26 /* SecondViewController.m */ = {isa = PBXFileReference; lastKnownFileType = sourcecode.c.objc; path = SecondViewController.m; sourceTree = "<group>"; };
		ACAE79B0199F657E00030E26 /* Images.xcassets */ = {isa = PBXFileReference; lastKnownFileType = folder.assetcatalog; path = Images.xcassets; sourceTree = "<group>"; };
		ACAE79B6199F657E00030E26 /* GigRadioTests.xctest */ = {isa = PBXFileReference; explicitFileType = wrapper.cfbundle; includeInIndex = 0; path = GigRadioTests.xctest; sourceTree = BUILT_PRODUCTS_DIR; };
		ACAE79B7199F657E00030E26 /* XCTest.framework */ = {isa = PBXFileReference; lastKnownFileType = wrapper.framework; name = XCTest.framework; path = Library/Frameworks/XCTest.framework; sourceTree = DEVELOPER_DIR; };
		ACAE79BF199F657E00030E26 /* GigRadioTests-Info.plist */ = {isa = PBXFileReference; lastKnownFileType = text.plist.xml; path = "GigRadioTests-Info.plist"; sourceTree = "<group>"; };
		ACAE79C1199F657E00030E26 /* en */ = {isa = PBXFileReference; lastKnownFileType = text.plist.strings; name = en; path = en.lproj/InfoPlist.strings; sourceTree = "<group>"; };
		ACAE79C3199F657E00030E26 /* GigRadioTests.m */ = {isa = PBXFileReference; lastKnownFileType = sourcecode.c.objc; path = GigRadioTests.m; sourceTree = "<group>"; };
/* End PBXFileReference section */

/* Begin PBXFrameworksBuildPhase section */
		ACAE798F199F657E00030E26 /* Frameworks */ = {
			isa = PBXFrameworksBuildPhase;
			buildActionMask = 2147483647;
			files = (
				ACAE7998199F657E00030E26 /* CoreGraphics.framework in Frameworks */,
				ACAE799A199F657E00030E26 /* UIKit.framework in Frameworks */,
				ACAE7996199F657E00030E26 /* Foundation.framework in Frameworks */,
			);
			runOnlyForDeploymentPostprocessing = 0;
		};
		ACAE79B3199F657E00030E26 /* Frameworks */ = {
			isa = PBXFrameworksBuildPhase;
			buildActionMask = 2147483647;
			files = (
				ACAE79B8199F657E00030E26 /* XCTest.framework in Frameworks */,
				ACAE79BA199F657E00030E26 /* UIKit.framework in Frameworks */,
				ACAE79B9199F657E00030E26 /* Foundation.framework in Frameworks */,
			);
			runOnlyForDeploymentPostprocessing = 0;
		};
/* End PBXFrameworksBuildPhase section */

/* Begin PBXGroup section */
		ACAE7989199F657E00030E26 = {
			isa = PBXGroup;
			children = (
				ACAE799B199F657E00030E26 /* GigRadio */,
				ACAE79BD199F657E00030E26 /* GigRadioTests */,
				ACAE7994199F657E00030E26 /* Frameworks */,
				ACAE7993199F657E00030E26 /* Products */,
			);
			sourceTree = "<group>";
		};
		ACAE7993199F657E00030E26 /* Products */ = {
			isa = PBXGroup;
			children = (
				ACAE7992199F657E00030E26 /* GigRadio.app */,
				ACAE79B6199F657E00030E26 /* GigRadioTests.xctest */,
			);
			name = Products;
			sourceTree = "<group>";
		};
		ACAE7994199F657E00030E26 /* Frameworks */ = {
			isa = PBXGroup;
			children = (
				ACAE7995199F657E00030E26 /* Foundation.framework */,
				ACAE7997199F657E00030E26 /* CoreGraphics.framework */,
				ACAE7999199F657E00030E26 /* UIKit.framework */,
				ACAE79B7199F657E00030E26 /* XCTest.framework */,
			);
			name = Frameworks;
			sourceTree = "<group>";
		};
		ACAE799B199F657E00030E26 /* GigRadio */ = {
			isa = PBXGroup;
			children = (
				ACAE79A4199F657E00030E26 /* AppDelegate.h */,
				ACAE79A5199F657E00030E26 /* AppDelegate.m */,
				ACAE79A7199F657E00030E26 /* Main.storyboard */,
				ACAE79AA199F657E00030E26 /* FirstViewController.h */,
				ACAE79AB199F657E00030E26 /* FirstViewController.m */,
				ACAE79AD199F657E00030E26 /* SecondViewController.h */,
				ACAE79AE199F657E00030E26 /* SecondViewController.m */,
				ACAE79B0199F657E00030E26 /* Images.xcassets */,
				ACAE799C199F657E00030E26 /* Supporting Files */,
			);
			path = GigRadio;
			sourceTree = "<group>";
		};
		ACAE799C199F657E00030E26 /* Supporting Files */ = {
			isa = PBXGroup;
			children = (
				ACAE799D199F657E00030E26 /* GigRadio-Info.plist */,
				ACAE799E199F657E00030E26 /* InfoPlist.strings */,
				ACAE79A1199F657E00030E26 /* main.m */,
				ACAE79A3199F657E00030E26 /* GigRadio-Prefix.pch */,
			);
			name = "Supporting Files";
			sourceTree = "<group>";
		};
		ACAE79BD199F657E00030E26 /* GigRadioTests */ = {
			isa = PBXGroup;
			children = (
				ACAE79C3199F657E00030E26 /* GigRadioTests.m */,
				ACAE79BE199F657E00030E26 /* Supporting Files */,
			);
			path = GigRadioTests;
			sourceTree = "<group>";
		};
		ACAE79BE199F657E00030E26 /* Supporting Files */ = {
			isa = PBXGroup;
			children = (
				ACAE79BF199F657E00030E26 /* GigRadioTests-Info.plist */,
				ACAE79C0199F657E00030E26 /* InfoPlist.strings */,
			);
			name = "Supporting Files";
			sourceTree = "<group>";
		};
/* End PBXGroup section */

/* Begin PBXNativeTarget section */
		ACAE7991199F657E00030E26 /* GigRadio */ = {
			isa = PBXNativeTarget;
			buildConfigurationList = ACAE79C7199F657E00030E26 /* Build configuration list for PBXNativeTarget "GigRadio" */;
			buildPhases = (
				ACAE798E199F657E00030E26 /* Sources */,
				ACAE798F199F657E00030E26 /* Frameworks */,
				ACAE7990199F657E00030E26 /* Resources */,
			);
			buildRules = (
			);
			dependencies = (
			);
			name = GigRadio;
			productName = GigRadio;
			productReference = ACAE7992199F657E00030E26 /* GigRadio.app */;
			productType = "com.apple.product-type.application";
		};
		ACAE79B5199F657E00030E26 /* GigRadioTests */ = {
			isa = PBXNativeTarget;
			buildConfigurationList = ACAE79CA199F657E00030E26 /* Build configuration list for PBXNativeTarget "GigRadioTests" */;
			buildPhases = (
				ACAE79B2199F657E00030E26 /* Sources */,
				ACAE79B3199F657E00030E26 /* Frameworks */,
				ACAE79B4199F657E00030E26 /* Resources */,
			);
			buildRules = (
			);
			dependencies = (
				ACAE79BC199F657E00030E26 /* PBXTargetDependency */,
			);
			name = GigRadioTests;
			productName = GigRadioTests;
			productReference = ACAE79B6199F657E00030E26 /* GigRadioTests.xctest */;
			productType = "com.apple.product-type.bundle.unit-test";
		};
/* End PBXNativeTarget section */

/* Begin PBXProject section */
		ACAE798A199F657E00030E26 /* Project object */ = {
			isa = PBXProject;
			attributes = {
				LastUpgradeCheck = 0510;
				ORGANIZATIONNAME = "Good To Hear";
				TargetAttributes = {
					ACAE79B5199F657E00030E26 = {
						TestTargetID = ACAE7991199F657E00030E26;
					};
				};
			};
			buildConfigurationList = ACAE798D199F657E00030E26 /* Build configuration list for PBXProject "GigRadio" */;
			compatibilityVersion = "Xcode 3.2";
			developmentRegion = English;
			hasScannedForEncodings = 0;
			knownRegions = (
				en,
				Base,
			);
			mainGroup = ACAE7989199F657E00030E26;
			productRefGroup = ACAE7993199F657E00030E26 /* Products */;
			projectDirPath = "";
			projectRoot = "";
			targets = (
				ACAE7991199F657E00030E26 /* GigRadio */,
				ACAE79B5199F657E00030E26 /* GigRadioTests */,
			);
		};
/* End PBXProject section */

/* Begin PBXResourcesBuildPhase section */
		ACAE7990199F657E00030E26 /* Resources */ = {
			isa = PBXResourcesBuildPhase;
			buildActionMask = 2147483647;
			files = (
				ACAE79B1199F657E00030E26 /* Images.xcassets in Resources */,
				ACAE79A0199F657E00030E26 /* InfoPlist.strings in Resources */,
				ACAE79A9199F657E00030E26 /* Main.storyboard in Resources */,
			);
			runOnlyForDeploymentPostprocessing = 0;
		};
		ACAE79B4199F657E00030E26 /* Resources */ = {
			isa = PBXResourcesBuildPhase;
			buildActionMask = 2147483647;
			files = (
				ACAE79C2199F657E00030E26 /* InfoPlist.strings in Resources */,
			);
			runOnlyForDeploymentPostprocessing = 0;
		};
/* End PBXResourcesBuildPhase section */

/* Begin PBXSourcesBuildPhase section */
		ACAE798E199F657E00030E26 /* Sources */ = {
			isa = PBXSourcesBuildPhase;
			buildActionMask = 2147483647;
			files = (
				ACAE79AF199F657E00030E26 /* SecondViewController.m in Sources */,
				ACAE79A6199F657E00030E26 /* AppDelegate.m in Sources */,
				ACAE79AC199F657E00030E26 /* FirstViewController.m in Sources */,
				ACAE79A2199F657E00030E26 /* main.m in Sources */,
			);
			runOnlyForDeploymentPostprocessing = 0;
		};
		ACAE79B2199F657E00030E26 /* Sources */ = {
			isa = PBXSourcesBuildPhase;
			buildActionMask = 2147483647;
			files = (
				ACAE79C4199F657E00030E26 /* GigRadioTests.m in Sources */,
			);
			runOnlyForDeploymentPostprocessing = 0;
		};
/* End PBXSourcesBuildPhase section */

/* Begin PBXTargetDependency section */
		ACAE79BC199F657E00030E26 /* PBXTargetDependency */ = {
			isa = PBXTargetDependency;
			target = ACAE7991199F657E00030E26 /* GigRadio */;
			targetProxy = ACAE79BB199F657E00030E26 /* PBXContainerItemProxy */;
		};
/* End PBXTargetDependency section */

/* Begin PBXVariantGroup section */
		ACAE799E199F657E00030E26 /* InfoPlist.strings */ = {
			isa = PBXVariantGroup;
			children = (
				ACAE799F199F657E00030E26 /* en */,
			);
			name = InfoPlist.strings;
			sourceTree = "<group>";
		};
		ACAE79A7199F657E00030E26 /* Main.storyboard */ = {
			isa = PBXVariantGroup;
			children = (
				ACAE79A8199F657E00030E26 /* Base */,
			);
			name = Main.storyboard;
			sourceTree = "<group>";
		};
		ACAE79C0199F657E00030E26 /* InfoPlist.strings */ = {
			isa = PBXVariantGroup;
			children = (
				ACAE79C1199F657E00030E26 /* en */,
			);
			name = InfoPlist.strings;
			sourceTree = "<group>";
		};
/* End PBXVariantGroup section */

/* Begin XCBuildConfiguration section */
		ACAE79C5199F657E00030E26 /* Debug */ = {
			isa = XCBuildConfiguration;
			buildSettings = {
				ALWAYS_SEARCH_USER_PATHS = NO;
				CLANG_CXX_LANGUAGE_STANDARD = "gnu++0x";
				CLANG_CXX_LIBRARY = "libc++";
				CLANG_ENABLE_MODULES = YES;
				CLANG_ENABLE_OBJC_ARC = YES;
				CLANG_WARN_BOOL_CONVERSION = YES;
				CLANG_WARN_CONSTANT_CONVERSION = YES;
				CLANG_WARN_DIRECT_OBJC_ISA_USAGE = YES_ERROR;
				CLANG_WARN_EMPTY_BODY = YES;
				CLANG_WARN_ENUM_CONVERSION = YES;
				CLANG_WARN_INT_CONVERSION = YES;
				CLANG_WARN_OBJC_ROOT_CLASS = YES_ERROR;
				CLANG_WARN__DUPLICATE_METHOD_MATCH = YES;
				"CODE_SIGN_IDENTITY[sdk=iphoneos*]" = "iPhone Developer";
				COPY_PHASE_STRIP = NO;
				GCC_C_LANGUAGE_STANDARD = gnu99;
				GCC_DYNAMIC_NO_PIC = NO;
				GCC_OPTIMIZATION_LEVEL = 0;
				GCC_PREPROCESSOR_DEFINITIONS = (
					"DEBUG=1",
					"$(inherited)",
				);
				GCC_SYMBOLS_PRIVATE_EXTERN = NO;
				GCC_WARN_64_TO_32_BIT_CONVERSION = YES;
				GCC_WARN_ABOUT_RETURN_TYPE = YES_ERROR;
				GCC_WARN_UNDECLARED_SELECTOR = YES;
				GCC_WARN_UNINITIALIZED_AUTOS = YES_AGGRESSIVE;
				GCC_WARN_UNUSED_FUNCTION = YES;
				GCC_WARN_UNUSED_VARIABLE = YES;
				IPHONEOS_DEPLOYMENT_TARGET = 7.1;
				ONLY_ACTIVE_ARCH = YES;
				SDKROOT = iphoneos;
			};
			name = Debug;
		};
		ACAE79C6199F657E00030E26 /* Release */ = {
			isa = XCBuildConfiguration;
			buildSettings = {
				ALWAYS_SEARCH_USER_PATHS = NO;
				CLANG_CXX_LANGUAGE_STANDARD = "gnu++0x";
				CLANG_CXX_LIBRARY = "libc++";
				CLANG_ENABLE_MODULES = YES;
				CLANG_ENABLE_OBJC_ARC = YES;
				CLANG_WARN_BOOL_CONVERSION = YES;
				CLANG_WARN_CONSTANT_CONVERSION = YES;
				CLANG_WARN_DIRECT_OBJC_ISA_USAGE = YES_ERROR;
				CLANG_WARN_EMPTY_BODY = YES;
				CLANG_WARN_ENUM_CONVERSION = YES;
				CLANG_WARN_INT_CONVERSION = YES;
				CLANG_WARN_OBJC_ROOT_CLASS = YES_ERROR;
				CLANG_WARN__DUPLICATE_METHOD_MATCH = YES;
				"CODE_SIGN_IDENTITY[sdk=iphoneos*]" = "iPhone Developer";
				COPY_PHASE_STRIP = YES;
				ENABLE_NS_ASSERTIONS = NO;
				GCC_C_LANGUAGE_STANDARD = gnu99;
				GCC_WARN_64_TO_32_BIT_CONVERSION = YES;
				GCC_WARN_ABOUT_RETURN_TYPE = YES_ERROR;
				GCC_WARN_UNDECLARED_SELECTOR = YES;
				GCC_WARN_UNINITIALIZED_AUTOS = YES_AGGRESSIVE;
				GCC_WARN_UNUSED_FUNCTION = YES;
				GCC_WARN_UNUSED_VARIABLE = YES;
				IPHONEOS_DEPLOYMENT_TARGET = 7.1;
				SDKROOT = iphoneos;
				VALIDATE_PRODUCT = YES;
			};
			name = Release;
		};
		ACAE79C8199F657E00030E26 /* Debug */ = {
			isa = XCBuildConfiguration;
			buildSettings = {
				ASSETCATALOG_COMPILER_APPICON_NAME = AppIcon;
				ASSETCATALOG_COMPILER_LAUNCHIMAGE_NAME = LaunchImage;
				GCC_PRECOMPILE_PREFIX_HEADER = YES;
				GCC_PREFIX_HEADER = "GigRadio/GigRadio-Prefix.pch";
				INFOPLIST_FILE = "GigRadio/GigRadio-Info.plist";
				PRODUCT_NAME = "$(TARGET_NAME)";
				WRAPPER_EXTENSION = app;
			};
			name = Debug;
		};
		ACAE79C9199F657E00030E26 /* Release */ = {
			isa = XCBuildConfiguration;
			buildSettings = {
				ASSETCATALOG_COMPILER_APPICON_NAME = AppIcon;
				ASSETCATALOG_COMPILER_LAUNCHIMAGE_NAME = LaunchImage;
				GCC_PRECOMPILE_PREFIX_HEADER = YES;
				GCC_PREFIX_HEADER = "GigRadio/GigRadio-Prefix.pch";
				INFOPLIST_FILE = "GigRadio/GigRadio-Info.plist";
				PRODUCT_NAME = "$(TARGET_NAME)";
				WRAPPER_EXTENSION = app;
			};
			name = Release;
		};
		ACAE79CB199F657E00030E26 /* Debug */ = {
			isa = XCBuildConfiguration;
			buildSettings = {
				BUNDLE_LOADER = "$(BUILT_PRODUCTS_DIR)/GigRadio.app/GigRadio";
				FRAMEWORK_SEARCH_PATHS = (
					"$(SDKROOT)/Developer/Library/Frameworks",
					"$(inherited)",
					"$(DEVELOPER_FRAMEWORKS_DIR)",
				);
				GCC_PRECOMPILE_PREFIX_HEADER = YES;
				GCC_PREFIX_HEADER = "GigRadio/GigRadio-Prefix.pch";
				GCC_PREPROCESSOR_DEFINITIONS = (
					"DEBUG=1",
					"$(inherited)",
				);
				INFOPLIST_FILE = "GigRadioTests/GigRadioTests-Info.plist";
				PRODUCT_NAME = "$(TARGET_NAME)";
				TEST_HOST = "$(BUNDLE_LOADER)";
				WRAPPER_EXTENSION = xctest;
			};
			name = Debug;
		};
		ACAE79CC199F657E00030E26 /* Release */ = {
			isa = XCBuildConfiguration;
			buildSettings = {
				BUNDLE_LOADER = "$(BUILT_PRODUCTS_DIR)/GigRadio.app/GigRadio";
				FRAMEWORK_SEARCH_PATHS = (
					"$(SDKROOT)/Developer/Library/Frameworks",
					"$(inherited)",
					"$(DEVELOPER_FRAMEWORKS_DIR)",
				);
				GCC_PRECOMPILE_PREFIX_HEADER = YES;
				GCC_PREFIX_HEADER = "GigRadio/GigRadio-Prefix.pch";
				INFOPLIST_FILE = "GigRadioTests/GigRadioTests-Info.plist";
				PRODUCT_NAME = "$(TARGET_NAME)";
				TEST_HOST = "$(BUNDLE_LOADER)";
				WRAPPER_EXTENSION = xctest;
			};
			name = Release;
		};
/* End XCBuildConfiguration section */

/* Begin XCConfigurationList section */
		ACAE798D199F657E00030E26 /* Build configuration list for PBXProject "GigRadio" */ = {
			isa = XCConfigurationList;
			buildConfigurations = (
				ACAE79C5199F657E00030E26 /* Debug */,
				ACAE79C6199F657E00030E26 /* Release */,
			);
			defaultConfigurationIsVisible = 0;
			defaultConfigurationName = Release;
		};
		ACAE79C7199F657E00030E26 /* Build configuration list for PBXNativeTarget "GigRadio" */ = {
			isa = XCConfigurationList;
			buildConfigurations = (
				ACAE79C8199F657E00030E26 /* Debug */,
				ACAE79C9199F657E00030E26 /* Release */,
			);
			defaultConfigurationIsVisible = 0;
		};
		ACAE79CA199F657E00030E26 /* Build configuration list for PBXNativeTarget "GigRadioTests" */ = {
			isa = XCConfigurationList;
			buildConfigurations = (
				ACAE79CB199F657E00030E26 /* Debug */,
				ACAE79CC199F657E00030E26 /* Release */,
			);
			defaultConfigurationIsVisible = 0;
		};
/* End XCConfigurationList section */
	};
	rootObject = ACAE798A199F657E00030E26 /* Project object */;
}
